
Microsoft Visual Studio Solution File, Format Version 12.00
# Visual Studio Version 17
VisualStudioVersion = 17.7.34221.43
MinimumVisualStudioVersion = 10.0.40219.1
Project("{FAE04EC0-301F-11D3-BF4B-00C04F79EFBC}") = "MonkyGame", "MonkyGame\MonkyGame.csproj", "{6898ECAE-20E5-4477-BA76-D5F0C0F4B8FE}"
EndProject
Global
	GlobalSection(SolutionConfigurationPlatforms) = preSolution
		Debug|Any CPU = Debug|Any CPU
		Release|Any CPU = Release|Any CPU
	EndGlobalSection
	GlobalSection(ProjectConfigurationPlatforms) = postSolution
		{6898ECAE-20E5-4477-BA76-D5F0C0F4B8FE}.Debug|Any CPU.ActiveCfg = Debug|Any CPU
		{6898ECAE-20E5-4477-BA76-D5F0C0F4B8FE}.Debug|Any CPU.Build.0 = Debug|Any CPU
		{6898ECAE-20E5-4477-BA76-D5F0C0F4B8FE}.Release|Any CPU.ActiveCfg = Release|Any CPU
		{6898ECAE-20E5-4477-BA76-D5F0C0F4B8FE}.Release|Any CPU.Build.0 = Release|Any CPU
	EndGlobalSection
	GlobalSection(SolutionProperties) = preSolution
		HideSolutionNode = FALSE
	EndGlobalSection
	GlobalSection(ExtensibilityGlobals) = postSolution
		SolutionGuid = {7FACFCB8-0E39-4F99-9610-50B235C5941E}
	EndGlobalSection
EndGlobal
